
Microsoft Visual Studio Solution File, Format Version 12.00
Project("{FAE04EC0-301F-11D3-BF4B-00C04F79EFBC}") = "NezSampler", "NezSampler\NezSampler.csproj", "{318E8D8A-C09A-447A-942D-C37ABDC76CC1}"
EndProject
Project("{FAE04EC0-301F-11D3-BF4B-00C04F79EFBC}") = "FNA.Core", "..\DistortedCore\FNA\FNA.Core.csproj", "{F4FCABEA-3DE3-43FC-A560-5385A4794055}"
EndProject
Project("{FAE04EC0-301F-11D3-BF4B-00C04F79EFBC}") = "Nez.FNA.Core", "..\DistortedCore\Nez\Nez.Portable\Nez.FNA.Core.csproj", "{AB7CA79C-1FDA-4BDB-81EA-C94ED9C32DC4}"
EndProject
Global
	GlobalSection(SolutionConfigurationPlatforms) = preSolution
		Debug|Any CPU = Debug|Any CPU
		Release|Any CPU = Release|Any CPU
	EndGlobalSection
	GlobalSection(ProjectConfigurationPlatforms) = postSolution
		{318E8D8A-C09A-447A-942D-C37ABDC76CC1}.Debug|Any CPU.ActiveCfg = Debug|Any CPU
		{318E8D8A-C09A-447A-942D-C37ABDC76CC1}.Debug|Any CPU.Build.0 = Debug|Any CPU
		{318E8D8A-C09A-447A-942D-C37ABDC76CC1}.Release|Any CPU.ActiveCfg = Release|Any CPU
		{318E8D8A-C09A-447A-942D-C37ABDC76CC1}.Release|Any CPU.Build.0 = Release|Any CPU
		{F4FCABEA-3DE3-43FC-A560-5385A4794055}.Debug|Any CPU.ActiveCfg = Debug|Any CPU
		{F4FCABEA-3DE3-43FC-A560-5385A4794055}.Debug|Any CPU.Build.0 = Debug|Any CPU
		{F4FCABEA-3DE3-43FC-A560-5385A4794055}.Release|Any CPU.ActiveCfg = Release|Any CPU
		{F4FCABEA-3DE3-43FC-A560-5385A4794055}.Release|Any CPU.Build.0 = Release|Any CPU
		{AB7CA79C-1FDA-4BDB-81EA-C94ED9C32DC4}.Debug|Any CPU.ActiveCfg = Debug|Any CPU
		{AB7CA79C-1FDA-4BDB-81EA-C94ED9C32DC4}.Debug|Any CPU.Build.0 = Debug|Any CPU
		{AB7CA79C-1FDA-4BDB-81EA-C94ED9C32DC4}.Release|Any CPU.ActiveCfg = Release|Any CPU
		{AB7CA79C-1FDA-4BDB-81EA-C94ED9C32DC4}.Release|Any CPU.Build.0 = Release|Any CPU
	EndGlobalSection
EndGlobal
