
Microsoft Visual Studio Solution File, Format Version 12.00
Project("{FAE04EC0-301F-11D3-BF4B-00C04F79EFBC}") = "NezSampler", "NezSampler\NezSampler.csproj", "{318E8D8A-C09A-447A-942D-C37ABDC76CC1}"
EndProject
Project("{FAE04EC0-301F-11D3-BF4B-00C04F79EFBC}") = "Nez.MG38", "..\DistortedCore\Nez\Nez.Portable\Nez.MG38.csproj", "{560E51CF-094D-419C-9F00-4665501F6D5D}"
EndProject
Global
	GlobalSection(SolutionConfigurationPlatforms) = preSolution
		Debug|Any CPU = Debug|Any CPU
		Release|Any CPU = Release|Any CPU
	EndGlobalSection
	GlobalSection(ProjectConfigurationPlatforms) = postSolution
		{318E8D8A-C09A-447A-942D-C37ABDC76CC1}.Debug|Any CPU.ActiveCfg = Debug|Any CPU
		{318E8D8A-C09A-447A-942D-C37ABDC76CC1}.Debug|Any CPU.Build.0 = Debug|Any CPU
		{318E8D8A-C09A-447A-942D-C37ABDC76CC1}.Release|Any CPU.ActiveCfg = Release|Any CPU
		{318E8D8A-C09A-447A-942D-C37ABDC76CC1}.Release|Any CPU.Build.0 = Release|Any CPU
		{560E51CF-094D-419C-9F00-4665501F6D5D}.Debug|Any CPU.ActiveCfg = Debug|Any CPU
		{560E51CF-094D-419C-9F00-4665501F6D5D}.Debug|Any CPU.Build.0 = Debug|Any CPU
		{560E51CF-094D-419C-9F00-4665501F6D5D}.Release|Any CPU.ActiveCfg = Release|Any CPU
		{560E51CF-094D-419C-9F00-4665501F6D5D}.Release|Any CPU.Build.0 = Release|Any CPU
	EndGlobalSection
EndGlobal
